lockfileVersion: '9.0'

settings:
  autoInstallPeers: false
  excludeLinksFromLockfile: false

importers:

  .:
    dependencies:
      '@deepseek-ai/dsh-session-persistence-postgres':
        specifier: link:../../../dsh-harness/packages/session/session-persistence-postgres
        version: link:../../../dsh-harness/packages/session/session-persistence-postgres
